github.com/google/go-cmp v0.3.0/go.mod h1:8QqcDgzrUqlUb/G2PQTWiueGozuR1884gddMywk6iLU=
github.com/planetway/djinni-parser v0.0.0-20200629053003-34603d79e4a1 h1:2Hq6X+XzCNwfURSJSz29YVkL2FY54v0bg895K+SMJ6o=
github.com/planetway/djinni-parser v0.0.0-20200629053003-34603d79e4a1/go.mod h1:YgAWnz9dDXAm0hsNCt5fpaYKBMR7uGhDe6y0A7ipveE=
